
Microsoft Visual Studio Solution File, Format Version 12.00
# Visual Studio Version 17
VisualStudioVersion = 17.2.32519.379
MinimumVisualStudioVersion = 10.0.40219.1
Project("{9A19103F-16F7-4668-BE54-9A1E7A4F7556}") = "AlgorithmMain", "AlgorithmMain\AlgorithmMain.csproj", "{9432EB38-F4D8-4A9D-9833-6B57F8E81D3C}"
EndProject
Project("{FAE04EC0-301F-11D3-BF4B-00C04F79EFBC}") = "LibraryProject", "LibraryProject\LibraryProject.csproj", "{895DADD9-2652-42ED-A48B-5C8AB3D250B0}"
EndProject
Global
	GlobalSection(SolutionConfigurationPlatforms) = preSolution
		Debug|Any CPU = Debug|Any CPU
		Debug|x64 = Debug|x64
		Debug|x86 = Debug|x86
		Release|Any CPU = Release|Any CPU
		Release|x64 = Release|x64
		Release|x86 = Release|x86
	EndGlobalSection
	GlobalSection(ProjectConfigurationPlatforms) = postSolution
		{9432EB38-F4D8-4A9D-9833-6B57F8E81D3C}.Debug|Any CPU.ActiveCfg = Debug|Any CPU
		{9432EB38-F4D8-4A9D-9833-6B57F8E81D3C}.Debug|Any CPU.Build.0 = Debug|Any CPU
		{9432EB38-F4D8-4A9D-9833-6B57F8E81D3C}.Debug|x64.ActiveCfg = Debug|Any CPU
		{9432EB38-F4D8-4A9D-9833-6B57F8E81D3C}.Debug|x64.Build.0 = Debug|Any CPU
		{9432EB38-F4D8-4A9D-9833-6B57F8E81D3C}.Debug|x86.ActiveCfg = Debug|Any CPU
		{9432EB38-F4D8-4A9D-9833-6B57F8E81D3C}.Debug|x86.Build.0 = Debug|Any CPU
		{9432EB38-F4D8-4A9D-9833-6B57F8E81D3C}.Release|Any CPU.ActiveCfg = Release|Any CPU
		{9432EB38-F4D8-4A9D-9833-6B57F8E81D3C}.Release|Any CPU.Build.0 = Release|Any CPU
		{9432EB38-F4D8-4A9D-9833-6B57F8E81D3C}.Release|x64.ActiveCfg = Release|Any CPU
		{9432EB38-F4D8-4A9D-9833-6B57F8E81D3C}.Release|x64.Build.0 = Release|Any CPU
		{9432EB38-F4D8-4A9D-9833-6B57F8E81D3C}.Release|x86.ActiveCfg = Release|Any CPU
		{9432EB38-F4D8-4A9D-9833-6B57F8E81D3C}.Release|x86.Build.0 = Release|Any CPU
		{895DADD9-2652-42ED-A48B-5C8AB3D250B0}.Debug|Any CPU.ActiveCfg = Debug|Any CPU
		{895DADD9-2652-42ED-A48B-5C8AB3D250B0}.Debug|Any CPU.Build.0 = Debug|Any CPU
		{895DADD9-2652-42ED-A48B-5C8AB3D250B0}.Debug|x64.ActiveCfg = Debug|Any CPU
		{895DADD9-2652-42ED-A48B-5C8AB3D250B0}.Debug|x64.Build.0 = Debug|Any CPU
		{895DADD9-2652-42ED-A48B-5C8AB3D250B0}.Debug|x86.ActiveCfg = Debug|Any CPU
		{895DADD9-2652-42ED-A48B-5C8AB3D250B0}.Debug|x86.Build.0 = Debug|Any CPU
		{895DADD9-2652-42ED-A48B-5C8AB3D250B0}.Release|Any CPU.ActiveCfg = Release|Any CPU
		{895DADD9-2652-42ED-A48B-5C8AB3D250B0}.Release|Any CPU.Build.0 = Release|Any CPU
		{895DADD9-2652-42ED-A48B-5C8AB3D250B0}.Release|x64.ActiveCfg = Release|Any CPU
		{895DADD9-2652-42ED-A48B-5C8AB3D250B0}.Release|x64.Build.0 = Release|Any CPU
		{895DADD9-2652-42ED-A48B-5C8AB3D250B0}.Release|x86.ActiveCfg = Release|Any CPU
		{895DADD9-2652-42ED-A48B-5C8AB3D250B0}.Release|x86.Build.0 = Release|Any CPU
	EndGlobalSection
	GlobalSection(SolutionProperties) = preSolution
		HideSolutionNode = FALSE
	EndGlobalSection
	GlobalSection(ExtensibilityGlobals) = postSolution
		SolutionGuid = {719BF6CF-F749-4B77-9721-310A76A25F21}
	EndGlobalSection
EndGlobal
